
Microsoft Visual Studio Solution File, Format Version 12.00
# Visual Studio 15
VisualStudioVersion = 15.0.27428.2037
MinimumVisualStudioVersion = 10.0.40219.1
Project("{FAE04EC0-301F-11D3-BF4B-00C04F79EFBC}") = "PizzaDelivery", "PizzaDelivery\PizzaDelivery.csproj", "{36472BA8-F397-49FD-850D-E705DD9BAB51}"
EndProject
Project("{FAE04EC0-301F-11D3-BF4B-00C04F79EFBC}") = "PizzaTests", "PizzaTests\PizzaTests.csproj", "{01CA5C13-FD7B-4F5D-9B95-1D2DE0C8243C}"
EndProject
Project("{FAE04EC0-301F-11D3-BF4B-00C04F79EFBC}") = "PizzaDeliveryFprm", "PizzaDeliveryFprm\PizzaDeliveryFprm.csproj", "{A58E753C-0B60-4C80-9720-DEC58327B2B2}"
EndProject
Project("{FAE04EC0-301F-11D3-BF4B-00C04F79EFBC}") = "LicenceGenerator", "LicenceGenerator\LicenceGenerator.csproj", "{30AF119E-C3B2-47F9-92F7-1F7A964AC0B5}"
EndProject
Global
	GlobalSection(SolutionConfigurationPlatforms) = preSolution
		Debug|Any CPU = Debug|Any CPU
		Release|Any CPU = Release|Any CPU
	EndGlobalSection
	GlobalSection(ProjectConfigurationPlatforms) = postSolution
		{36472BA8-F397-49FD-850D-E705DD9BAB51}.Debug|Any CPU.ActiveCfg = Debug|Any CPU
		{36472BA8-F397-49FD-850D-E705DD9BAB51}.Debug|Any CPU.Build.0 = Debug|Any CPU
		{36472BA8-F397-49FD-850D-E705DD9BAB51}.Release|Any CPU.ActiveCfg = Release|Any CPU
		{36472BA8-F397-49FD-850D-E705DD9BAB51}.Release|Any CPU.Build.0 = Release|Any CPU
		{01CA5C13-FD7B-4F5D-9B95-1D2DE0C8243C}.Debug|Any CPU.ActiveCfg = Debug|Any CPU
		{01CA5C13-FD7B-4F5D-9B95-1D2DE0C8243C}.Debug|Any CPU.Build.0 = Debug|Any CPU
		{01CA5C13-FD7B-4F5D-9B95-1D2DE0C8243C}.Release|Any CPU.ActiveCfg = Release|Any CPU
		{01CA5C13-FD7B-4F5D-9B95-1D2DE0C8243C}.Release|Any CPU.Build.0 = Release|Any CPU
		{A58E753C-0B60-4C80-9720-DEC58327B2B2}.Debug|Any CPU.ActiveCfg = Debug|Any CPU
		{A58E753C-0B60-4C80-9720-DEC58327B2B2}.Debug|Any CPU.Build.0 = Debug|Any CPU
		{A58E753C-0B60-4C80-9720-DEC58327B2B2}.Release|Any CPU.ActiveCfg = Release|Any CPU
		{A58E753C-0B60-4C80-9720-DEC58327B2B2}.Release|Any CPU.Build.0 = Release|Any CPU
		{30AF119E-C3B2-47F9-92F7-1F7A964AC0B5}.Debug|Any CPU.ActiveCfg = Debug|Any CPU
		{30AF119E-C3B2-47F9-92F7-1F7A964AC0B5}.Debug|Any CPU.Build.0 = Debug|Any CPU
		{30AF119E-C3B2-47F9-92F7-1F7A964AC0B5}.Release|Any CPU.ActiveCfg = Release|Any CPU
		{30AF119E-C3B2-47F9-92F7-1F7A964AC0B5}.Release|Any CPU.Build.0 = Release|Any CPU
	EndGlobalSection
	GlobalSection(SolutionProperties) = preSolution
		HideSolutionNode = FALSE
	EndGlobalSection
	GlobalSection(ExtensibilityGlobals) = postSolution
		SolutionGuid = {6B154733-6AFC-4C1C-BB25-50B3C91D2107}
	EndGlobalSection
EndGlobal
